{
  "name": "kanshan-ps1-studio",
  "version": "0.1.0",
  "lockfileVersion": 3,
  "requires": true,
  "packages": {
    "": {
      "name": "kanshan-ps1-studio",
      "version": "0.1.0",
      "dependencies": {
        "@kanshan/story-contract": "file:../packages/story-contract"
      },
      "bin": {
        "story": "src/cli.mjs",
        "story-studio": "src/cli.mjs"
      },
      "engines": {
        "node": ">=22"
      }
    },
    "../packages/story-contract": {
      "name": "@kanshan/story-contract",
      "version": "0.1.0",
      "devDependencies": {
        "typescript": "^5.9.3"
      },
      "engines": {
        "node": ">=24"
      }
    },
    "node_modules/@kanshan/story-contract": {
      "resolved": "../packages/story-contract",
      "link": true
    }
  }
}
